
Microsoft Visual Studio Solution File, Format Version 12.00
# Visual Studio Version 17
Project("{8BC9CEB8-8B4A-11D0-8D11-00A0C91BC942}") = "ALL_BUILD", "ALL_BUILD.vcxproj", "{3130F4D3-C7A4-3FC5-A31E-4FC148D4A65D}"
	ProjectSection(ProjectDependencies) = postProject
		{17B9D0A3-5171-311B-A401-38A1F8C6C88B} = {17B9D0A3-5171-311B-A401-38A1F8C6C88B}
		{E9339047-8333-3D7C-BD4C-9116293051F9} = {E9339047-8333-3D7C-BD4C-9116293051F9}
	EndProjectSection
EndProject
Project("{8BC9CEB8-8B4A-11D0-8D11-00A0C91BC942}") = "MultiResImageRegistration3", "MultiResImageRegistration3.vcxproj", "{17B9D0A3-5171-311B-A401-38A1F8C6C88B}"
	ProjectSection(ProjectDependencies) = postProject
		{E9339047-8333-3D7C-BD4C-9116293051F9} = {E9339047-8333-3D7C-BD4C-9116293051F9}
	EndProjectSection
EndProject
Project("{8BC9CEB8-8B4A-11D0-8D11-00A0C91BC942}") = "ZERO_CHECK", "ZERO_CHECK.vcxproj", "{E9339047-8333-3D7C-BD4C-9116293051F9}"
	ProjectSection(ProjectDependencies) = postProject
	EndProjectSection
EndProject
Global
	GlobalSection(SolutionConfigurationPlatforms) = preSolution
		Debug|x64 = Debug|x64
		Release|x64 = Release|x64
		MinSizeRel|x64 = MinSizeRel|x64
		RelWithDebInfo|x64 = RelWithDebInfo|x64
	EndGlobalSection
	GlobalSection(ProjectConfigurationPlatforms) = postSolution
		{3130F4D3-C7A4-3FC5-A31E-4FC148D4A65D}.Debug|x64.ActiveCfg = Debug|x64
		{3130F4D3-C7A4-3FC5-A31E-4FC148D4A65D}.Release|x64.ActiveCfg = Release|x64
		{3130F4D3-C7A4-3FC5-A31E-4FC148D4A65D}.MinSizeRel|x64.ActiveCfg = MinSizeRel|x64
		{3130F4D3-C7A4-3FC5-A31E-4FC148D4A65D}.RelWithDebInfo|x64.ActiveCfg = RelWithDebInfo|x64
		{17B9D0A3-5171-311B-A401-38A1F8C6C88B}.Debug|x64.ActiveCfg = Debug|x64
		{17B9D0A3-5171-311B-A401-38A1F8C6C88B}.Debug|x64.Build.0 = Debug|x64
		{17B9D0A3-5171-311B-A401-38A1F8C6C88B}.Release|x64.ActiveCfg = Release|x64
		{17B9D0A3-5171-311B-A401-38A1F8C6C88B}.Release|x64.Build.0 = Release|x64
		{17B9D0A3-5171-311B-A401-38A1F8C6C88B}.MinSizeRel|x64.ActiveCfg = MinSizeRel|x64
		{17B9D0A3-5171-311B-A401-38A1F8C6C88B}.MinSizeRel|x64.Build.0 = MinSizeRel|x64
		{17B9D0A3-5171-311B-A401-38A1F8C6C88B}.RelWithDebInfo|x64.ActiveCfg = RelWithDebInfo|x64
		{17B9D0A3-5171-311B-A401-38A1F8C6C88B}.RelWithDebInfo|x64.Build.0 = RelWithDebInfo|x64
		{E9339047-8333-3D7C-BD4C-9116293051F9}.Debug|x64.ActiveCfg = Debug|x64
		{E9339047-8333-3D7C-BD4C-9116293051F9}.Debug|x64.Build.0 = Debug|x64
		{E9339047-8333-3D7C-BD4C-9116293051F9}.Release|x64.ActiveCfg = Release|x64
		{E9339047-8333-3D7C-BD4C-9116293051F9}.Release|x64.Build.0 = Release|x64
		{E9339047-8333-3D7C-BD4C-9116293051F9}.MinSizeRel|x64.ActiveCfg = MinSizeRel|x64
		{E9339047-8333-3D7C-BD4C-9116293051F9}.MinSizeRel|x64.Build.0 = MinSizeRel|x64
		{E9339047-8333-3D7C-BD4C-9116293051F9}.RelWithDebInfo|x64.ActiveCfg = RelWithDebInfo|x64
		{E9339047-8333-3D7C-BD4C-9116293051F9}.RelWithDebInfo|x64.Build.0 = RelWithDebInfo|x64
	EndGlobalSection
	GlobalSection(ExtensibilityGlobals) = postSolution
		SolutionGuid = {44B4EC85-ABCE-37EC-88A9-AF821EAC6D41}
	EndGlobalSection
	GlobalSection(ExtensibilityAddIns) = postSolution
	EndGlobalSection
EndGlobal
