<?xml version="1.0" encoding="utf-8"?>
<Project ToolsVersion="17.0" xmlns="http://schemas.microsoft.com/developer/msbuild/2003">
  <ItemGroup>
    <CustomBuild Include="C:\Users\yu\Desktop\RegistrationDemo\CMakeFiles\141018f20fb6665c6337fd170b85f963\generate.stamp.rule">
      <Filter>CMake Rules</Filter>
    </CustomBuild>
  </ItemGroup>
  <ItemGroup>
    <Filter Include="CMake Rules">
      <UniqueIdentifier>{E2BF07D1-2DF4-32A7-9217-D1A5A147178A}</UniqueIdentifier>
    </Filter>
  </ItemGroup>
</Project>
